{
  "name": "preswald",
  "lockfileVersion": 3,
  "requires": true,
  "packages": {
    "": {
      "dependencies": {
        "@ag-grid-community/client-side-row-model": "^32.3.4",
        "@ag-grid-community/core": "^32.3.4",
        "@ag-grid-enterprise/all-modules": "^27.3.0",
        "@monaco-editor/react": "^4.7.0",
        "ag-grid-react": "^32.3.4",
        "highlight.js": "^11.11.1"
      },
      "devDependencies": {
        "@trivago/prettier-plugin-sort-imports": "^5.2.2"
      }
    },
    "node_modules/@ag-grid-community/all-modules": {
      "version": "27.3.0",
      "resolved": "https://registry.npmjs.org/@ag-grid-community/all-modules/-/all-modules-27.3.0.tgz",
      "integrity": "sha512-yH5jH+sJ6niUR5N4MiyOYDUnldcjCRwpDeL82JyGh7/rsxACH026KcxEO+7Gk22CnSeMwUZidGorU2Dj/Na8rg==",
      "deprecated": "Package no longer supported. Contact Support at https://www.npmjs.com/support for more info.",
      "dependencies": {
        "@ag-grid-community/client-side-row-model": "~27.3.0",
        "@ag-grid-community/core": "~27.3.0",
        "@ag-grid-community/csv-export": "~27.3.0",
        "@ag-grid-community/infinite-row-model": "~27.3.0"
      }
    },
    "node_modules/@ag-grid-community/all-modules/node_modules/@ag-grid-community/client-side-row-model": {
      "version": "27.3.0",
      "resolved": "https://registry.npmjs.org/@ag-grid-community/client-side-row-model/-/client-side-row-model-27.3.0.tgz",
      "integrity": "sha512-t6ggg/SvESsGEC75z62rD/zFeo2DZCKFxw5e0qKweHR106CjBUNMlnfXIIG81qOSXUWGnbbWlrijBbKbyt8aTA==",
      "dependencies": {
        "@ag-grid-community/core": "~27.3.0"
      }
    },
    "node_modules/@ag-grid-community/all-modules/node_modules/@ag-grid-community/core": {
      "version": "27.3.0",
      "resolved": "https://registry.npmjs.org/@ag-grid-community/core/-/core-27.3.0.tgz",
      "integrity": "sha512-77/bE2KdFlFI/ywEP46aSspXtgBteY/OPQyzU/lWqYrG2wC6cLfPSUB60t9e0FiqElwM/Vdcjz0TAjRwhZOPkw=="
    },
    "node_modules/@ag-grid-community/client-side-row-model": {
      "version": "32.3.4",
      "resolved": "https://registry.npmjs.org/@ag-grid-community/client-side-row-model/-/client-side-row-model-32.3.4.tgz",
      "integrity": "sha512-AZyLSemPyaCJi8wPJ/wvwow6v4MZKMkg9152TameKvaEf+m+N+gWJNKb1dQoqjgWCgEByqvM6SO8dJtYRrdr/A==",
      "dependencies": {
        "@ag-grid-community/core": "32.3.4",
        "tslib": "^2.3.0"
      }
    },
    "node_modules/@ag-grid-community/core": {
      "version": "32.3.4",
      "resolved": "https://registry.npmjs.org/@ag-grid-community/core/-/core-32.3.4.tgz",
      "integrity": "sha512-g1CJOQuA4uRx1U3VP9SZLnTJBYdMwCTM348FsubdI6anaqxnHv3X0kridq9v1v26qXbl7yytm5X3v1hPcV8wVA==",
      "dependencies": {
        "ag-charts-types": "10.3.4",
        "tslib": "^2.3.0"
      }
    },
    "node_modules/@ag-grid-community/csv-export": {
      "version": "27.3.0",
      "resolved": "https://registry.npmjs.org/@ag-grid-community/csv-export/-/csv-export-27.3.0.tgz",
      "integrity": "sha512-7pR05jEqTdUPAoqEMHxXGh6j0KViGmqLa4uwKmriKzfZOvwlq6umjDmXvPFCRCWfswb9KOqS1iZlGhcWufKApQ==",
      "dependencies": {
        "@ag-grid-community/core": "~27.3.0"
      }
    },
    "node_modules/@ag-grid-community/csv-export/node_modules/@ag-grid-community/core": {
      "version": "27.3.0",
      "resolved": "https://registry.npmjs.org/@ag-grid-community/core/-/core-27.3.0.tgz",
      "integrity": "sha512-77/bE2KdFlFI/ywEP46aSspXtgBteY/OPQyzU/lWqYrG2wC6cLfPSUB60t9e0FiqElwM/Vdcjz0TAjRwhZOPkw=="
    },
    "node_modules/@ag-grid-community/infinite-row-model": {
      "version": "27.3.0",
      "resolved": "https://registry.npmjs.org/@ag-grid-community/infinite-row-model/-/infinite-row-model-27.3.0.tgz",
      "integrity": "sha512-hUWQ6YdRrNCDAvSn1bbxvnklIqPx8QGXMjmLVfR47+Gp1aoA1i9OxtA39SlzsZnRqDxZE5eKgwb5uy2+C4vKhA==",
      "dependencies": {
        "@ag-grid-community/core": "~27.3.0"
      }
    },
    "node_modules/@ag-grid-community/infinite-row-model/node_modules/@ag-grid-community/core": {
      "version": "27.3.0",
      "resolved": "https://registry.npmjs.org/@ag-grid-community/core/-/core-27.3.0.tgz",
      "integrity": "sha512-77/bE2KdFlFI/ywEP46aSspXtgBteY/OPQyzU/lWqYrG2wC6cLfPSUB60t9e0FiqElwM/Vdcjz0TAjRwhZOPkw=="
    },
    "node_modules/@ag-grid-enterprise/all-modules": {
      "version": "27.3.0",
      "resolved": "https://registry.npmjs.org/@ag-grid-enterprise/all-modules/-/all-modules-27.3.0.tgz",
      "integrity": "sha512-DShNoMmOeDbeaCRTY7bbzITKvdMKVvDY96btRNU7nXi49PMk3k+4CMTpm+MO6Fq6SfINBarCfoUMfWHyjm7TUA==",
      "deprecated": "Package no longer supported. Contact Support at https://www.npmjs.com/support for more info.",
      "dependencies": {
        "@ag-grid-community/all-modules": "~27.3.0",
        "@ag-grid-enterprise/charts": "~27.3.0",
        "@ag-grid-enterprise/clipboard": "~27.3.0",
        "@ag-grid-enterprise/column-tool-panel": "~27.3.0",
        "@ag-grid-enterprise/core": "~27.3.0",
        "@ag-grid-enterprise/excel-export": "~27.3.0",
        "@ag-grid-enterprise/filter-tool-panel": "~27.3.0",
        "@ag-grid-enterprise/master-detail": "~27.3.0",
        "@ag-grid-enterprise/menu": "~27.3.0",
        "@ag-grid-enterprise/multi-filter": "~27.3.0",
        "@ag-grid-enterprise/range-selection": "~27.3.0",
        "@ag-grid-enterprise/rich-select": "~27.3.0",
        "@ag-grid-enterprise/row-grouping": "~27.3.0",
        "@ag-grid-enterprise/server-side-row-model": "~27.3.0",
        "@ag-grid-enterprise/set-filter": "~27.3.0",
        "@ag-grid-enterprise/side-bar": "~27.3.0",
        "@ag-grid-enterprise/sparklines": "~27.3.0",
        "@ag-grid-enterprise/status-bar": "~27.3.0",
        "@ag-grid-enterprise/viewport-row-model": "~27.3.0"
      }
    },
    "node_modules/@ag-grid-enterprise/charts": {
      "version": "27.3.0",
      "resolved": "https://registry.npmjs.org/@ag-grid-enterprise/charts/-/charts-27.3.0.tgz",
      "integrity": "sha512-itjdWDL6DHDNrdAazLAJpodPsIeImqkijYqNuVLWZFlCE0G6vNW9pMOozzXU/uMCf1lkUv3hJkse42ds4oDBHQ==",
      "dependencies": {
        "@ag-grid-community/core": "~27.3.0",
        "@ag-grid-enterprise/core": "~27.3.0",
        "@ag-grid-enterprise/range-selection": "~27.3.0",
        "ag-charts-community": "~5.3.0"
      }
    },
    "node_modules/@ag-grid-enterprise/charts/node_modules/@ag-grid-community/core": {
      "version": "27.3.0",
      "resolved": "https://registry.npmjs.org/@ag-grid-community/core/-/core-27.3.0.tgz",
      "integrity": "sha512-77/bE2KdFlFI/ywEP46aSspXtgBteY/OPQyzU/lWqYrG2wC6cLfPSUB60t9e0FiqElwM/Vdcjz0TAjRwhZOPkw=="
    },
    "node_modules/@ag-grid-enterprise/clipboard": {
      "version": "27.3.0",
      "resolved": "https://registry.npmjs.org/@ag-grid-enterprise/clipboard/-/clipboard-27.3.0.tgz",
      "integrity": "sha512-KiGJ3CWKHasKW9oJz9XAALmkODTgeM3t2lb1GG6B0gv1nOyP1RnxW3YpK0RYSJbOLT/KXqIB9wdMOqidZGKoKw==",
      "dependencies": {
        "@ag-grid-community/core": "~27.3.0",
        "@ag-grid-community/csv-export": "~27.3.0",
        "@ag-grid-enterprise/core": "~27.3.0"
      }
    },
    "node_modules/@ag-grid-enterprise/clipboard/node_modules/@ag-grid-community/core": {
      "version": "27.3.0",
      "resolved": "https://registry.npmjs.org/@ag-grid-community/core/-/core-27.3.0.tgz",
      "integrity": "sha512-77/bE2KdFlFI/ywEP46aSspXtgBteY/OPQyzU/lWqYrG2wC6cLfPSUB60t9e0FiqElwM/Vdcjz0TAjRwhZOPkw=="
    },
    "node_modules/@ag-grid-enterprise/column-tool-panel": {
      "version": "27.3.0",
      "resolved": "https://registry.npmjs.org/@ag-grid-enterprise/column-tool-panel/-/column-tool-panel-27.3.0.tgz",
      "integrity": "sha512-BujQza9bfbhJhTFhnhmyQkWQEC3FXPOr6aGOoN0FIV1Tv7DmQwhKVxC3VlE9Lx9QhcCC9hAlEb9C3ueSiIky1A==",
      "dependencies": {
        "@ag-grid-community/core": "~27.3.0",
        "@ag-grid-enterprise/core": "~27.3.0",
        "@ag-grid-enterprise/row-grouping": "~27.3.0",
        "@ag-grid-enterprise/side-bar": "~27.3.0"
      }
    },
    "node_modules/@ag-grid-enterprise/column-tool-panel/node_modules/@ag-grid-community/core": {
      "version": "27.3.0",
      "resolved": "https://registry.npmjs.org/@ag-grid-community/core/-/core-27.3.0.tgz",
      "integrity": "sha512-77/bE2KdFlFI/ywEP46aSspXtgBteY/OPQyzU/lWqYrG2wC6cLfPSUB60t9e0FiqElwM/Vdcjz0TAjRwhZOPkw=="
    },
    "node_modules/@ag-grid-enterprise/core": {
      "version": "27.3.0",
      "resolved": "https://registry.npmjs.org/@ag-grid-enterprise/core/-/core-27.3.0.tgz",
      "integrity": "sha512-v1XwzyoA2S2c8bpOAAMAS6pXp2KMO50oogCXBDeocNlaHODD32be1W+M3HPU9LKqkUe7ld34xhK/xDvjFsLTew==",
      "dependencies": {
        "@ag-grid-community/core": "~27.3.0"
      }
    },
    "node_modules/@ag-grid-enterprise/core/node_modules/@ag-grid-community/core": {
      "version": "27.3.0",
      "resolved": "https://registry.npmjs.org/@ag-grid-community/core/-/core-27.3.0.tgz",
      "integrity": "sha512-77/bE2KdFlFI/ywEP46aSspXtgBteY/OPQyzU/lWqYrG2wC6cLfPSUB60t9e0FiqElwM/Vdcjz0TAjRwhZOPkw=="
    },
    "node_modules/@ag-grid-enterprise/excel-export": {
      "version": "27.3.0",
      "resolved": "https://registry.npmjs.org/@ag-grid-enterprise/excel-export/-/excel-export-27.3.0.tgz",
      "integrity": "sha512-2uCTAbioKcLuRkYZutYcgL1U3fEYeatp2eMa/vjGND6dz7cF8Dtomua02FSCiOU2jM5cUIGk8Pvr3QR6ocazkA==",
      "dependencies": {
        "@ag-grid-community/core": "~27.3.0",
        "@ag-grid-community/csv-export": "~27.3.0",
        "@ag-grid-enterprise/core": "~27.3.0"
      }
    },
    "node_modules/@ag-grid-enterprise/excel-export/node_modules/@ag-grid-community/core": {
      "version": "27.3.0",
      "resolved": "https://registry.npmjs.org/@ag-grid-community/core/-/core-27.3.0.tgz",
      "integrity": "sha512-77/bE2KdFlFI/ywEP46aSspXtgBteY/OPQyzU/lWqYrG2wC6cLfPSUB60t9e0FiqElwM/Vdcjz0TAjRwhZOPkw=="
    },
    "node_modules/@ag-grid-enterprise/filter-tool-panel": {
      "version": "27.3.0",
      "resolved": "https://registry.npmjs.org/@ag-grid-enterprise/filter-tool-panel/-/filter-tool-panel-27.3.0.tgz",
      "integrity": "sha512-EGZqBz/XFKTeANIqFC4ODgS5yZ8pp4fWIvzNpjg3u8+mYoK/9DGDgk4H1oxWYlPXWR8s0kMGy/Px8+mb46cpPg==",
      "dependencies": {
        "@ag-grid-community/core": "~27.3.0",
        "@ag-grid-enterprise/core": "~27.3.0",
        "@ag-grid-enterprise/side-bar": "~27.3.0"
      }
    },
    "node_modules/@ag-grid-enterprise/filter-tool-panel/node_modules/@ag-grid-community/core": {
      "version": "27.3.0",
      "resolved": "https://registry.npmjs.org/@ag-grid-community/core/-/core-27.3.0.tgz",
      "integrity": "sha512-77/bE2KdFlFI/ywEP46aSspXtgBteY/OPQyzU/lWqYrG2wC6cLfPSUB60t9e0FiqElwM/Vdcjz0TAjRwhZOPkw=="
    },
    "node_modules/@ag-grid-enterprise/master-detail": {
      "version": "27.3.0",
      "resolved": "https://registry.npmjs.org/@ag-grid-enterprise/master-detail/-/master-detail-27.3.0.tgz",
      "integrity": "sha512-Ft98VBN1FA1yPBLoiQzC+5DBCkaxWwNNHwA3eqbbs6ccfBfAP9PpgKjqYf7EUfkU5vj88s7Fz51fOnVnpGhoEA==",
      "dependencies": {
        "@ag-grid-community/core": "~27.3.0",
        "@ag-grid-enterprise/core": "~27.3.0"
      }
    },
    "node_modules/@ag-grid-enterprise/master-detail/node_modules/@ag-grid-community/core": {
      "version": "27.3.0",
      "resolved": "https://registry.npmjs.org/@ag-grid-community/core/-/core-27.3.0.tgz",
      "integrity": "sha512-77/bE2KdFlFI/ywEP46aSspXtgBteY/OPQyzU/lWqYrG2wC6cLfPSUB60t9e0FiqElwM/Vdcjz0TAjRwhZOPkw=="
    },
    "node_modules/@ag-grid-enterprise/menu": {
      "version": "27.3.0",
      "resolved": "https://registry.npmjs.org/@ag-grid-enterprise/menu/-/menu-27.3.0.tgz",
      "integrity": "sha512-Fw5m3auf6cRkK3qk3qmGZ7AYRcmFd9oYGKMy6CsNfNvz7KXH6jnY9Mgl6urA+dD5sc4jqHooPXGFQSCbLWihtg==",
      "dependencies": {
        "@ag-grid-community/core": "~27.3.0",
        "@ag-grid-enterprise/column-tool-panel": "~27.3.0",
        "@ag-grid-enterprise/core": "~27.3.0"
      }
    },
    "node_modules/@ag-grid-enterprise/menu/node_modules/@ag-grid-community/core": {
      "version": "27.3.0",
      "resolved": "https://registry.npmjs.org/@ag-grid-community/core/-/core-27.3.0.tgz",
      "integrity": "sha512-77/bE2KdFlFI/ywEP46aSspXtgBteY/OPQyzU/lWqYrG2wC6cLfPSUB60t9e0FiqElwM/Vdcjz0TAjRwhZOPkw=="
    },
    "node_modules/@ag-grid-enterprise/multi-filter": {
      "version": "27.3.0",
      "resolved": "https://registry.npmjs.org/@ag-grid-enterprise/multi-filter/-/multi-filter-27.3.0.tgz",
      "integrity": "sha512-YpjMdkwGTbSEy8HBMTF9dAx1tp+YvgpSPumgvW9j+F4fbrjTGJL565F+i2SWDfGxImAnXFXktQ5OUfKWYNDaiQ==",
      "dependencies": {
        "@ag-grid-community/core": "~27.3.0",
        "@ag-grid-enterprise/core": "~27.3.0"
      }
    },
    "node_modules/@ag-grid-enterprise/multi-filter/node_modules/@ag-grid-community/core": {
      "version": "27.3.0",
      "resolved": "https://registry.npmjs.org/@ag-grid-community/core/-/core-27.3.0.tgz",
      "integrity": "sha512-77/bE2KdFlFI/ywEP46aSspXtgBteY/OPQyzU/lWqYrG2wC6cLfPSUB60t9e0FiqElwM/Vdcjz0TAjRwhZOPkw=="
    },
    "node_modules/@ag-grid-enterprise/range-selection": {
      "version": "27.3.0",
      "resolved": "https://registry.npmjs.org/@ag-grid-enterprise/range-selection/-/range-selection-27.3.0.tgz",
      "integrity": "sha512-NTkTFGCS2C9+4ec4i7LjinAX4eSElyWpmdyf/85la3yJi8nlmFT7JX+sOvfmJrvyVmkjA0/e5A0ELgheFFq+1Q==",
      "dependencies": {
        "@ag-grid-community/core": "~27.3.0",
        "@ag-grid-enterprise/core": "~27.3.0"
      }
    },
    "node_modules/@ag-grid-enterprise/range-selection/node_modules/@ag-grid-community/core": {
      "version": "27.3.0",
      "resolved": "https://registry.npmjs.org/@ag-grid-community/core/-/core-27.3.0.tgz",
      "integrity": "sha512-77/bE2KdFlFI/ywEP46aSspXtgBteY/OPQyzU/lWqYrG2wC6cLfPSUB60t9e0FiqElwM/Vdcjz0TAjRwhZOPkw=="
    },
    "node_modules/@ag-grid-enterprise/rich-select": {
      "version": "27.3.0",
      "resolved": "https://registry.npmjs.org/@ag-grid-enterprise/rich-select/-/rich-select-27.3.0.tgz",
      "integrity": "sha512-kZvmWv5k+NwKKDG0ajejuO7kjOMc6efRnMd+GNA1wzvuv6ebpAL/5Q0bS/NcAKi75jAKuiXRRxuX7/XQzQqtLg==",
      "dependencies": {
        "@ag-grid-community/core": "~27.3.0",
        "@ag-grid-enterprise/core": "~27.3.0"
      }
    },
    "node_modules/@ag-grid-enterprise/rich-select/node_modules/@ag-grid-community/core": {
      "version": "27.3.0",
      "resolved": "https://registry.npmjs.org/@ag-grid-community/core/-/core-27.3.0.tgz",
      "integrity": "sha512-77/bE2KdFlFI/ywEP46aSspXtgBteY/OPQyzU/lWqYrG2wC6cLfPSUB60t9e0FiqElwM/Vdcjz0TAjRwhZOPkw=="
    },
    "node_modules/@ag-grid-enterprise/row-grouping": {
      "version": "27.3.0",
      "resolved": "https://registry.npmjs.org/@ag-grid-enterprise/row-grouping/-/row-grouping-27.3.0.tgz",
      "integrity": "sha512-NxeQ5loLVuaVBUUO04bKdfcAbKJae9wT9ShM47KvbOCWEz212BKg75mX6c8JYGzVAh1fEMoiJeN7B9dsHC6XsA==",
      "dependencies": {
        "@ag-grid-community/core": "~27.3.0",
        "@ag-grid-enterprise/core": "~27.3.0"
      }
    },
    "node_modules/@ag-grid-enterprise/row-grouping/node_modules/@ag-grid-community/core": {
      "version": "27.3.0",
      "resolved": "https://registry.npmjs.org/@ag-grid-community/core/-/core-27.3.0.tgz",
      "integrity": "sha512-77/bE2KdFlFI/ywEP46aSspXtgBteY/OPQyzU/lWqYrG2wC6cLfPSUB60t9e0FiqElwM/Vdcjz0TAjRwhZOPkw=="
    },
    "node_modules/@ag-grid-enterprise/server-side-row-model": {
      "version": "27.3.0",
      "resolved": "https://registry.npmjs.org/@ag-grid-enterprise/server-side-row-model/-/server-side-row-model-27.3.0.tgz",
      "integrity": "sha512-CAeCMNin2OIpNlzmO+9vZjgJAZ28wpUmSLW8DRfjq5IJyIsYLNoxAiK5f8nudyEVd+WjMxtMOlikC/RwnLbByg==",
      "dependencies": {
        "@ag-grid-community/core": "~27.3.0",
        "@ag-grid-enterprise/core": "~27.3.0"
      }
    },
    "node_modules/@ag-grid-enterprise/server-side-row-model/node_modules/@ag-grid-community/core": {
      "version": "27.3.0",
      "resolved": "https://registry.npmjs.org/@ag-grid-community/core/-/core-27.3.0.tgz",
      "integrity": "sha512-77/bE2KdFlFI/ywEP46aSspXtgBteY/OPQyzU/lWqYrG2wC6cLfPSUB60t9e0FiqElwM/Vdcjz0TAjRwhZOPkw=="
    },
    "node_modules/@ag-grid-enterprise/set-filter": {
      "version": "27.3.0",
      "resolved": "https://registry.npmjs.org/@ag-grid-enterprise/set-filter/-/set-filter-27.3.0.tgz",
      "integrity": "sha512-hZRXwM3QcYrJMWmJPI3urAe7aHJOZURJ0nffbrhPvY8TEz2SKVWxz33x4xq9wFW1xKKSCrPafoEIUyO0R+Ymlg==",
      "dependencies": {
        "@ag-grid-community/core": "~27.3.0",
        "@ag-grid-enterprise/core": "~27.3.0"
      }
    },
    "node_modules/@ag-grid-enterprise/set-filter/node_modules/@ag-grid-community/core": {
      "version": "27.3.0",
      "resolved": "https://registry.npmjs.org/@ag-grid-community/core/-/core-27.3.0.tgz",
      "integrity": "sha512-77/bE2KdFlFI/ywEP46aSspXtgBteY/OPQyzU/lWqYrG2wC6cLfPSUB60t9e0FiqElwM/Vdcjz0TAjRwhZOPkw=="
    },
    "node_modules/@ag-grid-enterprise/side-bar": {
      "version": "27.3.0",
      "resolved": "https://registry.npmjs.org/@ag-grid-enterprise/side-bar/-/side-bar-27.3.0.tgz",
      "integrity": "sha512-tfxWVeL4WDsY33MImrNqOhQVYe0nXQvQeYWzVUyVrowlrzuPyTss9DzLczEUCnuqq/WmVh2rvnlSm4IQD9WHhA==",
      "dependencies": {
        "@ag-grid-community/core": "~27.3.0",
        "@ag-grid-enterprise/core": "~27.3.0"
      }
    },
    "node_modules/@ag-grid-enterprise/side-bar/node_modules/@ag-grid-community/core": {
      "version": "27.3.0",
      "resolved": "https://registry.npmjs.org/@ag-grid-community/core/-/core-27.3.0.tgz",
      "integrity": "sha512-77/bE2KdFlFI/ywEP46aSspXtgBteY/OPQyzU/lWqYrG2wC6cLfPSUB60t9e0FiqElwM/Vdcjz0TAjRwhZOPkw=="
    },
    "node_modules/@ag-grid-enterprise/sparklines": {
      "version": "27.3.0",
      "resolved": "https://registry.npmjs.org/@ag-grid-enterprise/sparklines/-/sparklines-27.3.0.tgz",
      "integrity": "sha512-PF9ZCihRJ6ewrlAA5NXMhdm6ro7pp3h751EnW1PCjTBA7jWIBmh2X1z4kF5LMiXFW2pbTHXtTiafQJl2Bg+ybg==",
      "dependencies": {
        "@ag-grid-community/core": "~27.3.0",
        "@ag-grid-enterprise/core": "~27.3.0"
      }
    },
    "node_modules/@ag-grid-enterprise/sparklines/node_modules/@ag-grid-community/core": {
      "version": "27.3.0",
      "resolved": "https://registry.npmjs.org/@ag-grid-community/core/-/core-27.3.0.tgz",
      "integrity": "sha512-77/bE2KdFlFI/ywEP46aSspXtgBteY/OPQyzU/lWqYrG2wC6cLfPSUB60t9e0FiqElwM/Vdcjz0TAjRwhZOPkw=="
    },
    "node_modules/@ag-grid-enterprise/status-bar": {
      "version": "27.3.0",
      "resolved": "https://registry.npmjs.org/@ag-grid-enterprise/status-bar/-/status-bar-27.3.0.tgz",
      "integrity": "sha512-uqhs0n0d5HgPW659Z/iTcAcPvbHaZt4h4HIHnBbd/+0xCJcEgfe20qzUOCYtGQKWPNA4TBd+f8PsC+G3OE4Klg==",
      "dependencies": {
        "@ag-grid-community/core": "~27.3.0",
        "@ag-grid-enterprise/core": "~27.3.0"
      }
    },
    "node_modules/@ag-grid-enterprise/status-bar/node_modules/@ag-grid-community/core": {
      "version": "27.3.0",
      "resolved": "https://registry.npmjs.org/@ag-grid-community/core/-/core-27.3.0.tgz",
      "integrity": "sha512-77/bE2KdFlFI/ywEP46aSspXtgBteY/OPQyzU/lWqYrG2wC6cLfPSUB60t9e0FiqElwM/Vdcjz0TAjRwhZOPkw=="
    },
    "node_modules/@ag-grid-enterprise/viewport-row-model": {
      "version": "27.3.0",
      "resolved": "https://registry.npmjs.org/@ag-grid-enterprise/viewport-row-model/-/viewport-row-model-27.3.0.tgz",
      "integrity": "sha512-07bXdEMLG5JsxtaVr4ete4uLEiZZhBCcan34W/O9RAQuZjJZ/JAuO9WQ+qjudY9PXATN3IgTcFhGNDSZtOWgqg==",
      "dependencies": {
        "@ag-grid-community/core": "~27.3.0",
        "@ag-grid-enterprise/core": "~27.3.0"
      }
    },
    "node_modules/@ag-grid-enterprise/viewport-row-model/node_modules/@ag-grid-community/core": {
      "version": "27.3.0",
      "resolved": "https://registry.npmjs.org/@ag-grid-community/core/-/core-27.3.0.tgz",
      "integrity": "sha512-77/bE2KdFlFI/ywEP46aSspXtgBteY/OPQyzU/lWqYrG2wC6cLfPSUB60t9e0FiqElwM/Vdcjz0TAjRwhZOPkw=="
    },
    "node_modules/@babel/code-frame": {
      "version": "7.26.2",
      "resolved": "https://registry.npmjs.org/@babel/code-frame/-/code-frame-7.26.2.tgz",
      "integrity": "sha512-RJlIHRueQgwWitWgF8OdFYGZX328Ax5BCemNGlqHfplnRT9ESi8JkFlvaVYbS+UubVY6dpv87Fs2u5M29iNFVQ==",
      "dev": true,
      "dependencies": {
        "@babel/helper-validator-identifier": "^7.25.9",
        "js-tokens": "^4.0.0",
        "picocolors": "^1.0.0"
      },
      "engines": {
        "node": ">=6.9.0"
      }
    },
    "node_modules/@babel/generator": {
      "version": "7.26.10",
      "resolved": "https://registry.npmjs.org/@babel/generator/-/generator-7.26.10.tgz",
      "integrity": "sha512-rRHT8siFIXQrAYOYqZQVsAr8vJ+cBNqcVAY6m5V8/4QqzaPl+zDBe6cLEPRDuNOUf3ww8RfJVlOyQMoSI+5Ang==",
      "dev": true,
      "dependencies": {
        "@babel/parser": "^7.26.10",
        "@babel/types": "^7.26.10",
        "@jridgewell/gen-mapping": "^0.3.5",
        "@jridgewell/trace-mapping": "^0.3.25",
        "jsesc": "^3.0.2"
      },
      "engines": {
        "node": ">=6.9.0"
      }
    },
    "node_modules/@babel/helper-string-parser": {
      "version": "7.25.9",
      "resolved": "https://registry.npmjs.org/@babel/helper-string-parser/-/helper-string-parser-7.25.9.tgz",
      "integrity": "sha512-4A/SCr/2KLd5jrtOMFzaKjVtAei3+2r/NChoBNoZ3EyP/+GlhoaEGoWOZUmFmoITP7zOJyHIMm+DYRd8o3PvHA==",
      "dev": true,
      "engines": {
        "node": ">=6.9.0"
      }
    },
    "node_modules/@babel/helper-validator-identifier": {
      "version": "7.25.9",
      "resolved": "https://registry.npmjs.org/@babel/helper-validator-identifier/-/helper-validator-identifier-7.25.9.tgz",
      "integrity": "sha512-Ed61U6XJc3CVRfkERJWDz4dJwKe7iLmmJsbOGu9wSloNSFttHV0I8g6UAgb7qnK5ly5bGLPd4oXZlxCdANBOWQ==",
      "dev": true,
      "engines": {
        "node": ">=6.9.0"
      }
    },
    "node_modules/@babel/parser": {
      "version": "7.26.10",
      "resolved": "https://registry.npmjs.org/@babel/parser/-/parser-7.26.10.tgz",
      "integrity": "sha512-6aQR2zGE/QFi8JpDLjUZEPYOs7+mhKXm86VaKFiLP35JQwQb6bwUE+XbvkH0EptsYhbNBSUGaUBLKqxH1xSgsA==",
      "dev": true,
      "dependencies": {
        "@babel/types": "^7.26.10"
      },
      "bin": {
        "parser": "bin/babel-parser.js"
      },
      "engines": {
        "node": ">=6.0.0"
      }
    },
    "node_modules/@babel/template": {
      "version": "7.26.9",
      "resolved": "https://registry.npmjs.org/@babel/template/-/template-7.26.9.tgz",
      "integrity": "sha512-qyRplbeIpNZhmzOysF/wFMuP9sctmh2cFzRAZOn1YapxBsE1i9bJIY586R/WBLfLcmcBlM8ROBiQURnnNy+zfA==",
      "dev": true,
      "dependencies": {
        "@babel/code-frame": "^7.26.2",
        "@babel/parser": "^7.26.9",
        "@babel/types": "^7.26.9"
      },
      "engines": {
        "node": ">=6.9.0"
      }
    },
    "node_modules/@babel/traverse": {
      "version": "7.26.10",
      "resolved": "https://registry.npmjs.org/@babel/traverse/-/traverse-7.26.10.tgz",
      "integrity": "sha512-k8NuDrxr0WrPH5Aupqb2LCVURP/S0vBEn5mK6iH+GIYob66U5EtoZvcdudR2jQ4cmTwhEwW1DLB+Yyas9zjF6A==",
      "dev": true,
      "dependencies": {
        "@babel/code-frame": "^7.26.2",
        "@babel/generator": "^7.26.10",
        "@babel/parser": "^7.26.10",
        "@babel/template": "^7.26.9",
        "@babel/types": "^7.26.10",
        "debug": "^4.3.1",
        "globals": "^11.1.0"
      },
      "engines": {
        "node": ">=6.9.0"
      }
    },
    "node_modules/@babel/types": {
      "version": "7.26.10",
      "resolved": "https://registry.npmjs.org/@babel/types/-/types-7.26.10.tgz",
      "integrity": "sha512-emqcG3vHrpxUKTrxcblR36dcrcoRDvKmnL/dCL6ZsHaShW80qxCAcNhzQZrpeM765VzEos+xOi4s+r4IXzTwdQ==",
      "dev": true,
      "dependencies": {
        "@babel/helper-string-parser": "^7.25.9",
        "@babel/helper-validator-identifier": "^7.25.9"
      },
      "engines": {
        "node": ">=6.9.0"
      }
    },
    "node_modules/@jridgewell/gen-mapping": {
      "version": "0.3.8",
      "resolved": "https://registry.npmjs.org/@jridgewell/gen-mapping/-/gen-mapping-0.3.8.tgz",
      "integrity": "sha512-imAbBGkb+ebQyxKgzv5Hu2nmROxoDOXHh80evxdoXNOrvAnVx7zimzc1Oo5h9RlfV4vPXaE2iM5pOFbvOCClWA==",
      "dev": true,
      "dependencies": {
        "@jridgewell/set-array": "^1.2.1",
        "@jridgewell/sourcemap-codec": "^1.4.10",
        "@jridgewell/trace-mapping": "^0.3.24"
      },
      "engines": {
        "node": ">=6.0.0"
      }
    },
    "node_modules/@jridgewell/resolve-uri": {
      "version": "3.1.2",
      "resolved": "https://registry.npmjs.org/@jridgewell/resolve-uri/-/resolve-uri-3.1.2.tgz",
      "integrity": "sha512-bRISgCIjP20/tbWSPWMEi54QVPRZExkuD9lJL+UIxUKtwVJA8wW1Trb1jMs1RFXo1CBTNZ/5hpC9QvmKWdopKw==",
      "dev": true,
      "engines": {
        "node": ">=6.0.0"
      }
    },
    "node_modules/@jridgewell/set-array": {
      "version": "1.2.1",
      "resolved": "https://registry.npmjs.org/@jridgewell/set-array/-/set-array-1.2.1.tgz",
      "integrity": "sha512-R8gLRTZeyp03ymzP/6Lil/28tGeGEzhx1q2k703KGWRAI1VdvPIXdG70VJc2pAMw3NA6JKL5hhFu1sJX0Mnn/A==",
      "dev": true,
      "engines": {
        "node": ">=6.0.0"
      }
    },
    "node_modules/@jridgewell/sourcemap-codec": {
      "version": "1.5.0",
      "resolved": "https://registry.npmjs.org/@jridgewell/sourcemap-codec/-/sourcemap-codec-1.5.0.tgz",
      "integrity": "sha512-gv3ZRaISU3fjPAgNsriBRqGWQL6quFx04YMPW/zD8XMLsU32mhCCbfbO6KZFLjvYpCZ8zyDEgqsgf+PwPaM7GQ==",
      "dev": true
    },
    "node_modules/@jridgewell/trace-mapping": {
      "version": "0.3.25",
      "resolved": "https://registry.npmjs.org/@jridgewell/trace-mapping/-/trace-mapping-0.3.25.tgz",
      "integrity": "sha512-vNk6aEwybGtawWmy/PzwnGDOjCkLWSD2wqvjGGAgOAwCGWySYXfYoxt00IJkTF+8Lb57DwOb3Aa0o9CApepiYQ==",
      "dev": true,
      "dependencies": {
        "@jridgewell/resolve-uri": "^3.1.0",
        "@jridgewell/sourcemap-codec": "^1.4.14"
      }
    },
    "node_modules/@monaco-editor/loader": {
      "version": "1.5.0",
      "resolved": "https://registry.npmjs.org/@monaco-editor/loader/-/loader-1.5.0.tgz",
      "integrity": "sha512-hKoGSM+7aAc7eRTRjpqAZucPmoNOC4UUbknb/VNoTkEIkCPhqV8LfbsgM1webRM7S/z21eHEx9Fkwx8Z/C/+Xw==",
      "license": "MIT",
      "dependencies": {
        "state-local": "^1.0.6"
      }
    },
    "node_modules/@monaco-editor/react": {
      "version": "4.7.0",
      "resolved": "https://registry.npmjs.org/@monaco-editor/react/-/react-4.7.0.tgz",
      "integrity": "sha512-cyzXQCtO47ydzxpQtCGSQGOC8Gk3ZUeBXFAxD+CWXYFo5OqZyZUonFl0DwUlTyAfRHntBfw2p3w4s9R6oe1eCA==",
      "license": "MIT",
      "dependencies": {
        "@monaco-editor/loader": "^1.5.0"
      },
      "peerDependencies": {
        "monaco-editor": ">= 0.25.0 < 1",
        "react": "^16.8.0 || ^17.0.0 || ^18.0.0 || ^19.0.0",
        "react-dom": "^16.8.0 || ^17.0.0 || ^18.0.0 || ^19.0.0"
      }
    },
    "node_modules/@trivago/prettier-plugin-sort-imports": {
      "version": "5.2.2",
      "resolved": "https://registry.npmjs.org/@trivago/prettier-plugin-sort-imports/-/prettier-plugin-sort-imports-5.2.2.tgz",
      "integrity": "sha512-fYDQA9e6yTNmA13TLVSA+WMQRc5Bn/c0EUBditUHNfMMxN7M82c38b1kEggVE3pLpZ0FwkwJkUEKMiOi52JXFA==",
      "dev": true,
      "dependencies": {
        "@babel/generator": "^7.26.5",
        "@babel/parser": "^7.26.7",
        "@babel/traverse": "^7.26.7",
        "@babel/types": "^7.26.7",
        "javascript-natural-sort": "^0.7.1",
        "lodash": "^4.17.21"
      },
      "engines": {
        "node": ">18.12"
      },
      "peerDependencies": {
        "@vue/compiler-sfc": "3.x",
        "prettier": "2.x - 3.x",
        "prettier-plugin-svelte": "3.x",
        "svelte": "4.x || 5.x"
      },
      "peerDependenciesMeta": {
        "@vue/compiler-sfc": {
          "optional": true
        },
        "prettier-plugin-svelte": {
          "optional": true
        },
        "svelte": {
          "optional": true
        }
      }
    },
    "node_modules/ag-charts-community": {
      "version": "5.3.0",
      "resolved": "https://registry.npmjs.org/ag-charts-community/-/ag-charts-community-5.3.0.tgz",
      "integrity": "sha512-tj9ZeM3Mawk+Q1q7FbwmilGnImfKehXt6RdakD8tD+ll1oUlufS9qr1Ay9Xs9AHEisuk2Q4iJv3EOmu/y5p2lA=="
    },
    "node_modules/ag-charts-types": {
      "version": "10.3.4",
      "resolved": "https://registry.npmjs.org/ag-charts-types/-/ag-charts-types-10.3.4.tgz",
      "integrity": "sha512-MU+3gvKn1jEyLlMHS0Vu0nHmIQxiVJAnA6ftUatLZvV0c7hOWap4VWghqZ0cVZUJsCdMI59Iuq1u3xquKv4LOQ=="
    },
    "node_modules/ag-grid-community": {
      "version": "32.3.4",
      "resolved": "https://registry.npmjs.org/ag-grid-community/-/ag-grid-community-32.3.4.tgz",
      "integrity": "sha512-iYQYFapKkqtCml1BvIX/nyNO6SvZYe/Z/1hLa7/7Dpzj2uqABJZIPGgW/ZTOc+/YiM9JYJWMkD7c+5E23GzkAw==",
      "dependencies": {
        "ag-charts-types": "10.3.4"
      }
    },
    "node_modules/ag-grid-react": {
      "version": "32.3.4",
      "resolved": "https://registry.npmjs.org/ag-grid-react/-/ag-grid-react-32.3.4.tgz",
      "integrity": "sha512-JuIum0etQnWUxWt4EbCXkLGa2lNLgFXNK0nR/rr2+WcOHZSIo1wXe5DPySnL725BK+yPqfB6XZmZcETpEDT+bQ==",
      "dependencies": {
        "ag-grid-community": "32.3.4",
        "prop-types": "^15.8.1"
      },
      "peerDependencies": {
        "react": "^16.8.0 || ^17.0.0 || ^18.0.0 || ^19.0.0",
        "react-dom": "^16.8.0 || ^17.0.0 || ^18.0.0 || ^19.0.0"
      }
    },
    "node_modules/debug": {
      "version": "4.4.0",
      "resolved": "https://registry.npmjs.org/debug/-/debug-4.4.0.tgz",
      "integrity": "sha512-6WTZ/IxCY/T6BALoZHaE4ctp9xm+Z5kY/pzYaCHRFeyVhojxlrm+46y68HA6hr0TcwEssoxNiDEUJQjfPZ/RYA==",
      "dev": true,
      "dependencies": {
        "ms": "^2.1.3"
      },
      "engines": {
        "node": ">=6.0"
      },
      "peerDependenciesMeta": {
        "supports-color": {
          "optional": true
        }
      }
    },
    "node_modules/globals": {
      "version": "11.12.0",
      "resolved": "https://registry.npmjs.org/globals/-/globals-11.12.0.tgz",
      "integrity": "sha512-WOBp/EEGUiIsJSp7wcv/y6MO+lV9UoncWqxuFfm8eBwzWNgyfBd6Gz+IeKQ9jCmyhoH99g15M3T+QaVHFjizVA==",
      "dev": true,
      "engines": {
        "node": ">=4"
      }
    },
    "node_modules/highlight.js": {
      "version": "11.11.1",
      "resolved": "https://registry.npmjs.org/highlight.js/-/highlight.js-11.11.1.tgz",
      "integrity": "sha512-Xwwo44whKBVCYoliBQwaPvtd/2tYFkRQtXDWj1nackaV2JPXx3L0+Jvd8/qCJ2p+ML0/XVkJ2q+Mr+UVdpJK5w==",
      "engines": {
        "node": ">=12.0.0"
      }
    },
    "node_modules/javascript-natural-sort": {
      "version": "0.7.1",
      "resolved": "https://registry.npmjs.org/javascript-natural-sort/-/javascript-natural-sort-0.7.1.tgz",
      "integrity": "sha512-nO6jcEfZWQXDhOiBtG2KvKyEptz7RVbpGP4vTD2hLBdmNQSsCiicO2Ioinv6UI4y9ukqnBpy+XZ9H6uLNgJTlw==",
      "dev": true
    },
    "node_modules/js-tokens": {
      "version": "4.0.0",
      "resolved": "https://registry.npmjs.org/js-tokens/-/js-tokens-4.0.0.tgz",
      "integrity": "sha512-RdJUflcE3cUzKiMqQgsCu06FPu9UdIJO0beYbPhHN4k6apgJtifcoCtT9bcxOpYBtpD2kCM6Sbzg4CausW/PKQ=="
    },
    "node_modules/jsesc": {
      "version": "3.1.0",
      "resolved": "https://registry.npmjs.org/jsesc/-/jsesc-3.1.0.tgz",
      "integrity": "sha512-/sM3dO2FOzXjKQhJuo0Q173wf2KOo8t4I8vHy6lF9poUp7bKT0/NHE8fPX23PwfhnykfqnC2xRxOnVw5XuGIaA==",
      "dev": true,
      "bin": {
        "jsesc": "bin/jsesc"
      },
      "engines": {
        "node": ">=6"
      }
    },
    "node_modules/lodash": {
      "version": "4.17.21",
      "resolved": "https://registry.npmjs.org/lodash/-/lodash-4.17.21.tgz",
      "integrity": "sha512-v2kDEe57lecTulaDIuNTPy3Ry4gLGJ6Z1O3vE1krgXZNrsQ+LFTGHVxVjcXPs17LhbZVGedAJv8XZ1tvj5FvSg==",
      "dev": true
    },
    "node_modules/loose-envify": {
      "version": "1.4.0",
      "resolved": "https://registry.npmjs.org/loose-envify/-/loose-envify-1.4.0.tgz",
      "integrity": "sha512-lyuxPGr/Wfhrlem2CL/UcnUc1zcqKAImBDzukY7Y5F/yQiNdko6+fRLevlw1HgMySw7f611UIY408EtxRSoK3Q==",
      "dependencies": {
        "js-tokens": "^3.0.0 || ^4.0.0"
      },
      "bin": {
        "loose-envify": "cli.js"
      }
    },
    "node_modules/monaco-editor": {
      "version": "0.52.2",
      "resolved": "https://registry.npmjs.org/monaco-editor/-/monaco-editor-0.52.2.tgz",
      "integrity": "sha512-GEQWEZmfkOGLdd3XK8ryrfWz3AIP8YymVXiPHEdewrUq7mh0qrKrfHLNCXcbB6sTnMLnOZ3ztSiKcciFUkIJwQ==",
      "license": "MIT",
      "peer": true
    },
    "node_modules/ms": {
      "version": "2.1.3",
      "resolved": "https://registry.npmjs.org/ms/-/ms-2.1.3.tgz",
      "integrity": "sha512-6FlzubTLZG3J2a/NVCAleEhjzq5oxgHyaCU9yYXvcLsvoVaHJq/s5xXI6/XXP6tz7R9xAOtHnSO/tXtF3WRTlA==",
      "dev": true
    },
    "node_modules/object-assign": {
      "version": "4.1.1",
      "resolved": "https://registry.npmjs.org/object-assign/-/object-assign-4.1.1.tgz",
      "integrity": "sha512-rJgTQnkUnH1sFw8yT6VSU3zD3sWmu6sZhIseY8VX+GRu3P6F7Fu+JNDoXfklElbLJSnc3FUQHVe4cU5hj+BcUg==",
      "engines": {
        "node": ">=0.10.0"
      }
    },
    "node_modules/picocolors": {
      "version": "1.1.1",
      "resolved": "https://registry.npmjs.org/picocolors/-/picocolors-1.1.1.tgz",
      "integrity": "sha512-xceH2snhtb5M9liqDsmEw56le376mTZkEX/jEb/RxNFyegNul7eNslCXP9FDj/Lcu0X8KEyMceP2ntpaHrDEVA==",
      "dev": true
    },
    "node_modules/prettier": {
      "version": "3.5.3",
      "resolved": "https://registry.npmjs.org/prettier/-/prettier-3.5.3.tgz",
      "integrity": "sha512-QQtaxnoDJeAkDvDKWCLiwIXkTgRhwYDEQCghU9Z6q03iyek/rxRh/2lC3HB7P8sWT2xC/y5JDctPLBIGzHKbhw==",
      "dev": true,
      "peer": true,
      "bin": {
        "prettier": "bin/prettier.cjs"
      },
      "engines": {
        "node": ">=14"
      },
      "funding": {
        "url": "https://github.com/prettier/prettier?sponsor=1"
      }
    },
    "node_modules/prop-types": {
      "version": "15.8.1",
      "resolved": "https://registry.npmjs.org/prop-types/-/prop-types-15.8.1.tgz",
      "integrity": "sha512-oj87CgZICdulUohogVAR7AjlC0327U4el4L6eAvOqCeudMDVU0NThNaV+b9Df4dXgSP1gXMTnPdhfe/2qDH5cg==",
      "dependencies": {
        "loose-envify": "^1.4.0",
        "object-assign": "^4.1.1",
        "react-is": "^16.13.1"
      }
    },
    "node_modules/react": {
      "version": "19.0.0",
      "resolved": "https://registry.npmjs.org/react/-/react-19.0.0.tgz",
      "integrity": "sha512-V8AVnmPIICiWpGfm6GLzCR/W5FXLchHop40W4nXBmdlEceh16rCN8O8LNWm5bh5XUX91fh7KpA+W0TgMKmgTpQ==",
      "peer": true,
      "engines": {
        "node": ">=0.10.0"
      }
    },
    "node_modules/react-dom": {
      "version": "19.0.0",
      "resolved": "https://registry.npmjs.org/react-dom/-/react-dom-19.0.0.tgz",
      "integrity": "sha512-4GV5sHFG0e/0AD4X+ySy6UJd3jVl1iNsNHdpad0qhABJ11twS3TTBnseqsKurKcsNqCEFeGL3uLpVChpIO3QfQ==",
      "peer": true,
      "dependencies": {
        "scheduler": "^0.25.0"
      },
      "peerDependencies": {
        "react": "^19.0.0"
      }
    },
    "node_modules/react-is": {
      "version": "16.13.1",
      "resolved": "https://registry.npmjs.org/react-is/-/react-is-16.13.1.tgz",
      "integrity": "sha512-24e6ynE2H+OKt4kqsOvNd8kBpV65zoxbA4BVsEOB3ARVWQki/DHzaUoC5KuON/BiccDaCCTZBuOcfZs70kR8bQ=="
    },
    "node_modules/scheduler": {
      "version": "0.25.0",
      "resolved": "https://registry.npmjs.org/scheduler/-/scheduler-0.25.0.tgz",
      "integrity": "sha512-xFVuu11jh+xcO7JOAGJNOXld8/TcEHK/4CituBUeUb5hqxJLj9YuemAEuvm9gQ/+pgXYfbQuqAkiYu+u7YEsNA==",
      "peer": true
    },
    "node_modules/state-local": {
      "version": "1.0.7",
      "resolved": "https://registry.npmjs.org/state-local/-/state-local-1.0.7.tgz",
      "integrity": "sha512-HTEHMNieakEnoe33shBYcZ7NX83ACUjCu8c40iOGEZsngj9zRnkqS9j1pqQPXwobB0ZcVTk27REb7COQ0UR59w==",
      "license": "MIT"
    },
    "node_modules/tslib": {
      "version": "2.8.1",
      "resolved": "https://registry.npmjs.org/tslib/-/tslib-2.8.1.tgz",
      "integrity": "sha512-oJFu94HQb+KVduSUQL7wnpmqnfmLsOA/nAh6b6EH0wCEoK0/mPeXU6c3wKDV83MkOuHPRHtSXKKU99IBazS/2w=="
    }
  }
}
